
Microsoft Visual Studio Solution File, Format Version 12.00
# Visual Studio Version 16
VisualStudioVersion = 16.0.810.8
MinimumVisualStudioVersion = 10.0.40219.1
Project("{FAE04EC0-301F-11D3-BF4B-00C04F79EFBC}") = "Spoke_TagChecker", "Spoke_TagChecker\Spoke_TagChecker.csproj", "{3B0369B4-B3D4-49EA-9C28-DA979F893CA6}"
EndProject
Project("{FAE04EC0-301F-11D3-BF4B-00C04F79EFBC}") = "Spoke_TagChecker_Tests", "Spoke_TagChecker_Tests\Spoke_TagChecker_Tests.csproj", "{F3B68C29-FA04-4E47-8B6C-97CD498539E9}"
EndProject
Global
	GlobalSection(SolutionConfigurationPlatforms) = preSolution
		Debug|Any CPU = Debug|Any CPU
		Release|Any CPU = Release|Any CPU
	EndGlobalSection
	GlobalSection(ProjectConfigurationPlatforms) = postSolution
		{3B0369B4-B3D4-49EA-9C28-DA979F893CA6}.Debug|Any CPU.ActiveCfg = Debug|Any CPU
		{3B0369B4-B3D4-49EA-9C28-DA979F893CA6}.Debug|Any CPU.Build.0 = Debug|Any CPU
		{3B0369B4-B3D4-49EA-9C28-DA979F893CA6}.Release|Any CPU.ActiveCfg = Release|Any CPU
		{3B0369B4-B3D4-49EA-9C28-DA979F893CA6}.Release|Any CPU.Build.0 = Release|Any CPU
		{F3B68C29-FA04-4E47-8B6C-97CD498539E9}.Debug|Any CPU.ActiveCfg = Debug|Any CPU
		{F3B68C29-FA04-4E47-8B6C-97CD498539E9}.Debug|Any CPU.Build.0 = Debug|Any CPU
		{F3B68C29-FA04-4E47-8B6C-97CD498539E9}.Release|Any CPU.ActiveCfg = Release|Any CPU
		{F3B68C29-FA04-4E47-8B6C-97CD498539E9}.Release|Any CPU.Build.0 = Release|Any CPU
	EndGlobalSection
	GlobalSection(SolutionProperties) = preSolution
		HideSolutionNode = FALSE
	EndGlobalSection
	GlobalSection(ExtensibilityGlobals) = postSolution
		SolutionGuid = {E69FC6FC-03BF-4B1C-BD2E-1185CCEF57F0}
	EndGlobalSection
EndGlobal
